
Microsoft Visual Studio Solution File, Format Version 12.00
# Visual Studio 15
Project("{FAE04EC0-301F-11D3-BF4B-00C04F79EFBC}") = "Assembly-CSharp-Editor", "Assembly-CSharp-Editor.csproj", "{3CFCF824-E341-FE1E-8C1F-B6374807FF30}"
EndProject
Project("{FAE04EC0-301F-11D3-BF4B-00C04F79EFBC}") = "Pinwheel.Polaris.Runtime", "Pinwheel.Polaris.Runtime.csproj", "{E6225174-0315-6102-D6D8-199F207F2192}"
EndProject
Project("{FAE04EC0-301F-11D3-BF4B-00C04F79EFBC}") = "Pinwheel.Polaris.Editor", "Pinwheel.Polaris.Editor.csproj", "{0DC0B91B-3B46-9C36-29C2-5A9BCD070B19}"
EndProject
Project("{FAE04EC0-301F-11D3-BF4B-00C04F79EFBC}") = "Pinwheel.Vista.Runtime", "Pinwheel.Vista.Runtime.csproj", "{4BAFE132-AD3F-674B-071B-F083C0AA9E3F}"
EndProject
Project("{FAE04EC0-301F-11D3-BF4B-00C04F79EFBC}") = "Assembly-CSharp", "Assembly-CSharp.csproj", "{6CC92EE2-C97E-2137-C111-F092707B90B5}"
EndProject
Project("{FAE04EC0-301F-11D3-BF4B-00C04F79EFBC}") = "sc.stylizedwater2.editor", "sc.stylizedwater2.editor.csproj", "{0AB4B584-EE99-894F-D123-C26F883473A3}"
EndProject
Project("{FAE04EC0-301F-11D3-BF4B-00C04F79EFBC}") = "Pinwheel.Vista.Editor", "Pinwheel.Vista.Editor.csproj", "{8D9156CE-E4F8-DD93-2BCB-A0F45C469C3A}"
EndProject
Project("{FAE04EC0-301F-11D3-BF4B-00C04F79EFBC}") = "Pinwheel.PolarisMini.Runtime", "Pinwheel.PolarisMini.Runtime.csproj", "{E59AA212-069A-CB35-B328-EDE3CFBD724F}"
EndProject
Project("{FAE04EC0-301F-11D3-BF4B-00C04F79EFBC}") = "Pinwheel.Vista.Splines.Editor", "Pinwheel.Vista.Splines.Editor.csproj", "{D8836D83-C183-0597-B746-6C4A884039A4}"
EndProject
Project("{FAE04EC0-301F-11D3-BF4B-00C04F79EFBC}") = "Pinwheel.Vista.BigWorld.Runtime", "Pinwheel.Vista.BigWorld.Runtime.csproj", "{37EF4361-7398-6030-6B1F-A6BEBF75FE50}"
EndProject
Project("{FAE04EC0-301F-11D3-BF4B-00C04F79EFBC}") = "Pinwheel.Vista.Splines.Runtime", "Pinwheel.Vista.Splines.Runtime.csproj", "{5CAA29FF-DC6B-CFFA-A7A8-D4002FB2AC6F}"
EndProject
Project("{FAE04EC0-301F-11D3-BF4B-00C04F79EFBC}") = "sc.stylizedgrass.runtime", "sc.stylizedgrass.runtime.csproj", "{A45E4682-E069-BF6D-AB9C-4DC1D9ED7B22}"
EndProject
Project("{FAE04EC0-301F-11D3-BF4B-00C04F79EFBC}") = "sc.stylizedgrass.editor", "sc.stylizedgrass.editor.csproj", "{FE825C5C-59CA-1C08-B398-0269BF6BBD49}"
EndProject
Project("{FAE04EC0-301F-11D3-BF4B-00C04F79EFBC}") = "Pinwheel.Vista.BigWorld.Editor", "Pinwheel.Vista.BigWorld.Editor.csproj", "{24F38DF0-40AA-688B-5C12-9B380FD610E6}"
EndProject
Project("{FAE04EC0-301F-11D3-BF4B-00C04F79EFBC}") = "Pinwheel.Vista.HandPainting.Runtime", "Pinwheel.Vista.HandPainting.Runtime.csproj", "{73767BC1-9B6E-16F0-B084-677213FD95FF}"
EndProject
Project("{FAE04EC0-301F-11D3-BF4B-00C04F79EFBC}") = "Pinwheel.PolarisMini.Editor", "Pinwheel.PolarisMini.Editor.csproj", "{8A96A5F9-6FCD-7F27-3638-EC669DE2F07D}"
EndProject
Project("{FAE04EC0-301F-11D3-BF4B-00C04F79EFBC}") = "sc.stylizedwater2.runtime", "sc.stylizedwater2.runtime.csproj", "{289A57BC-50A3-5F0B-0021-27EF28F32131}"
EndProject
Project("{FAE04EC0-301F-11D3-BF4B-00C04F79EFBC}") = "sc.stylizedgrass.demo.runtime", "sc.stylizedgrass.demo.runtime.csproj", "{02B66BB9-6A46-7E80-1C1A-DA8E16E61A0D}"
EndProject
Project("{FAE04EC0-301F-11D3-BF4B-00C04F79EFBC}") = "Pinwheel.Vista.HandPainting.Editor", "Pinwheel.Vista.HandPainting.Editor.csproj", "{69A4B002-7436-3C22-9B2E-34A26DA0D423}"
EndProject
Global
	GlobalSection(SolutionConfigurationPlatforms) = preSolution
		Debug|Any CPU = Debug|Any CPU
		Release|Any CPU = Release|Any CPU
	EndGlobalSection
	GlobalSection(ProjectConfigurationPlatforms) = postSolution
		{3CFCF824-E341-FE1E-8C1F-B6374807FF30}.Debug|Any CPU.ActiveCfg = Debug|Any CPU
		{3CFCF824-E341-FE1E-8C1F-B6374807FF30}.Debug|Any CPU.Build.0 = Debug|Any CPU
		{3CFCF824-E341-FE1E-8C1F-B6374807FF30}.Release|Any CPU.ActiveCfg = Release|Any CPU
		{3CFCF824-E341-FE1E-8C1F-B6374807FF30}.Release|Any CPU.Build.0 = Release|Any CPU
		{E6225174-0315-6102-D6D8-199F207F2192}.Debug|Any CPU.ActiveCfg = Debug|Any CPU
		{E6225174-0315-6102-D6D8-199F207F2192}.Debug|Any CPU.Build.0 = Debug|Any CPU
		{E6225174-0315-6102-D6D8-199F207F2192}.Release|Any CPU.ActiveCfg = Release|Any CPU
		{E6225174-0315-6102-D6D8-199F207F2192}.Release|Any CPU.Build.0 = Release|Any CPU
		{0DC0B91B-3B46-9C36-29C2-5A9BCD070B19}.Debug|Any CPU.ActiveCfg = Debug|Any CPU
		{0DC0B91B-3B46-9C36-29C2-5A9BCD070B19}.Debug|Any CPU.Build.0 = Debug|Any CPU
		{0DC0B91B-3B46-9C36-29C2-5A9BCD070B19}.Release|Any CPU.ActiveCfg = Release|Any CPU
		{0DC0B91B-3B46-9C36-29C2-5A9BCD070B19}.Release|Any CPU.Build.0 = Release|Any CPU
		{4BAFE132-AD3F-674B-071B-F083C0AA9E3F}.Debug|Any CPU.ActiveCfg = Debug|Any CPU
		{4BAFE132-AD3F-674B-071B-F083C0AA9E3F}.Debug|Any CPU.Build.0 = Debug|Any CPU
		{4BAFE132-AD3F-674B-071B-F083C0AA9E3F}.Release|Any CPU.ActiveCfg = Release|Any CPU
		{4BAFE132-AD3F-674B-071B-F083C0AA9E3F}.Release|Any CPU.Build.0 = Release|Any CPU
		{6CC92EE2-C97E-2137-C111-F092707B90B5}.Debug|Any CPU.ActiveCfg = Debug|Any CPU
		{6CC92EE2-C97E-2137-C111-F092707B90B5}.Debug|Any CPU.Build.0 = Debug|Any CPU
		{6CC92EE2-C97E-2137-C111-F092707B90B5}.Release|Any CPU.ActiveCfg = Release|Any CPU
		{6CC92EE2-C97E-2137-C111-F092707B90B5}.Release|Any CPU.Build.0 = Release|Any CPU
		{0AB4B584-EE99-894F-D123-C26F883473A3}.Debug|Any CPU.ActiveCfg = Debug|Any CPU
		{0AB4B584-EE99-894F-D123-C26F883473A3}.Debug|Any CPU.Build.0 = Debug|Any CPU
		{0AB4B584-EE99-894F-D123-C26F883473A3}.Release|Any CPU.ActiveCfg = Release|Any CPU
		{0AB4B584-EE99-894F-D123-C26F883473A3}.Release|Any CPU.Build.0 = Release|Any CPU
		{8D9156CE-E4F8-DD93-2BCB-A0F45C469C3A}.Debug|Any CPU.ActiveCfg = Debug|Any CPU
		{8D9156CE-E4F8-DD93-2BCB-A0F45C469C3A}.Debug|Any CPU.Build.0 = Debug|Any CPU
		{8D9156CE-E4F8-DD93-2BCB-A0F45C469C3A}.Release|Any CPU.ActiveCfg = Release|Any CPU
		{8D9156CE-E4F8-DD93-2BCB-A0F45C469C3A}.Release|Any CPU.Build.0 = Release|Any CPU
		{E59AA212-069A-CB35-B328-EDE3CFBD724F}.Debug|Any CPU.ActiveCfg = Debug|Any CPU
		{E59AA212-069A-CB35-B328-EDE3CFBD724F}.Debug|Any CPU.Build.0 = Debug|Any CPU
		{E59AA212-069A-CB35-B328-EDE3CFBD724F}.Release|Any CPU.ActiveCfg = Release|Any CPU
		{E59AA212-069A-CB35-B328-EDE3CFBD724F}.Release|Any CPU.Build.0 = Release|Any CPU
		{D8836D83-C183-0597-B746-6C4A884039A4}.Debug|Any CPU.ActiveCfg = Debug|Any CPU
		{D8836D83-C183-0597-B746-6C4A884039A4}.Debug|Any CPU.Build.0 = Debug|Any CPU
		{D8836D83-C183-0597-B746-6C4A884039A4}.Release|Any CPU.ActiveCfg = Release|Any CPU
		{D8836D83-C183-0597-B746-6C4A884039A4}.Release|Any CPU.Build.0 = Release|Any CPU
		{37EF4361-7398-6030-6B1F-A6BEBF75FE50}.Debug|Any CPU.ActiveCfg = Debug|Any CPU
		{37EF4361-7398-6030-6B1F-A6BEBF75FE50}.Debug|Any CPU.Build.0 = Debug|Any CPU
		{37EF4361-7398-6030-6B1F-A6BEBF75FE50}.Release|Any CPU.ActiveCfg = Release|Any CPU
		{37EF4361-7398-6030-6B1F-A6BEBF75FE50}.Release|Any CPU.Build.0 = Release|Any CPU
		{5CAA29FF-DC6B-CFFA-A7A8-D4002FB2AC6F}.Debug|Any CPU.ActiveCfg = Debug|Any CPU
		{5CAA29FF-DC6B-CFFA-A7A8-D4002FB2AC6F}.Debug|Any CPU.Build.0 = Debug|Any CPU
		{5CAA29FF-DC6B-CFFA-A7A8-D4002FB2AC6F}.Release|Any CPU.ActiveCfg = Release|Any CPU
		{5CAA29FF-DC6B-CFFA-A7A8-D4002FB2AC6F}.Release|Any CPU.Build.0 = Release|Any CPU
		{A45E4682-E069-BF6D-AB9C-4DC1D9ED7B22}.Debug|Any CPU.ActiveCfg = Debug|Any CPU
		{A45E4682-E069-BF6D-AB9C-4DC1D9ED7B22}.Debug|Any CPU.Build.0 = Debug|Any CPU
		{A45E4682-E069-BF6D-AB9C-4DC1D9ED7B22}.Release|Any CPU.ActiveCfg = Release|Any CPU
		{A45E4682-E069-BF6D-AB9C-4DC1D9ED7B22}.Release|Any CPU.Build.0 = Release|Any CPU
		{FE825C5C-59CA-1C08-B398-0269BF6BBD49}.Debug|Any CPU.ActiveCfg = Debug|Any CPU
		{FE825C5C-59CA-1C08-B398-0269BF6BBD49}.Debug|Any CPU.Build.0 = Debug|Any CPU
		{FE825C5C-59CA-1C08-B398-0269BF6BBD49}.Release|Any CPU.ActiveCfg = Release|Any CPU
		{FE825C5C-59CA-1C08-B398-0269BF6BBD49}.Release|Any CPU.Build.0 = Release|Any CPU
		{24F38DF0-40AA-688B-5C12-9B380FD610E6}.Debug|Any CPU.ActiveCfg = Debug|Any CPU
		{24F38DF0-40AA-688B-5C12-9B380FD610E6}.Debug|Any CPU.Build.0 = Debug|Any CPU
		{24F38DF0-40AA-688B-5C12-9B380FD610E6}.Release|Any CPU.ActiveCfg = Release|Any CPU
		{24F38DF0-40AA-688B-5C12-9B380FD610E6}.Release|Any CPU.Build.0 = Release|Any CPU
		{73767BC1-9B6E-16F0-B084-677213FD95FF}.Debug|Any CPU.ActiveCfg = Debug|Any CPU
		{73767BC1-9B6E-16F0-B084-677213FD95FF}.Debug|Any CPU.Build.0 = Debug|Any CPU
		{73767BC1-9B6E-16F0-B084-677213FD95FF}.Release|Any CPU.ActiveCfg = Release|Any CPU
		{73767BC1-9B6E-16F0-B084-677213FD95FF}.Release|Any CPU.Build.0 = Release|Any CPU
		{8A96A5F9-6FCD-7F27-3638-EC669DE2F07D}.Debug|Any CPU.ActiveCfg = Debug|Any CPU
		{8A96A5F9-6FCD-7F27-3638-EC669DE2F07D}.Debug|Any CPU.Build.0 = Debug|Any CPU
		{8A96A5F9-6FCD-7F27-3638-EC669DE2F07D}.Release|Any CPU.ActiveCfg = Release|Any CPU
		{8A96A5F9-6FCD-7F27-3638-EC669DE2F07D}.Release|Any CPU.Build.0 = Release|Any CPU
		{289A57BC-50A3-5F0B-0021-27EF28F32131}.Debug|Any CPU.ActiveCfg = Debug|Any CPU
		{289A57BC-50A3-5F0B-0021-27EF28F32131}.Debug|Any CPU.Build.0 = Debug|Any CPU
		{289A57BC-50A3-5F0B-0021-27EF28F32131}.Release|Any CPU.ActiveCfg = Release|Any CPU
		{289A57BC-50A3-5F0B-0021-27EF28F32131}.Release|Any CPU.Build.0 = Release|Any CPU
		{02B66BB9-6A46-7E80-1C1A-DA8E16E61A0D}.Debug|Any CPU.ActiveCfg = Debug|Any CPU
		{02B66BB9-6A46-7E80-1C1A-DA8E16E61A0D}.Debug|Any CPU.Build.0 = Debug|Any CPU
		{02B66BB9-6A46-7E80-1C1A-DA8E16E61A0D}.Release|Any CPU.ActiveCfg = Release|Any CPU
		{02B66BB9-6A46-7E80-1C1A-DA8E16E61A0D}.Release|Any CPU.Build.0 = Release|Any CPU
		{69A4B002-7436-3C22-9B2E-34A26DA0D423}.Debug|Any CPU.ActiveCfg = Debug|Any CPU
		{69A4B002-7436-3C22-9B2E-34A26DA0D423}.Debug|Any CPU.Build.0 = Debug|Any CPU
		{69A4B002-7436-3C22-9B2E-34A26DA0D423}.Release|Any CPU.ActiveCfg = Release|Any CPU
		{69A4B002-7436-3C22-9B2E-34A26DA0D423}.Release|Any CPU.Build.0 = Release|Any CPU
	EndGlobalSection
	GlobalSection(SolutionProperties) = preSolution
		HideSolutionNode = FALSE
	EndGlobalSection
EndGlobal
